{
  "name": "nexus-agent-kit",
  "version": "0.4.12",
  "lockfileVersion": 3,
  "requires": true,
  "packages": {
    "": {
      "name": "nexus-agent-kit",
      "version": "0.4.12",
      "license": "MIT",
      "bin": {
        "nexus": "bin/nexus.js",
        "nexus-agent-kit": "bin/nexus.js"
      },
      "devDependencies": {},
      "engines": {
        "node": ">=18"
      }
    }
  }
}
